
Microsoft Visual Studio Solution File, Format Version 12.00
# Visual Studio Version 17
VisualStudioVersion = 17.9.34728.123
MinimumVisualStudioVersion = 10.0.40219.1
Project("{FAE04EC0-301F-11D3-BF4B-00C04F79EFBC}") = "HeroEngine_P7", "HeroEngine_P7.csproj", "{DE5A117D-552D-4825-BF2A-5D6548296EC8}"
EndProject
Global
	GlobalSection(SolutionConfigurationPlatforms) = preSolution
		Debug|Any CPU = Debug|Any CPU
		Release|Any CPU = Release|Any CPU
	EndGlobalSection
	GlobalSection(ProjectConfigurationPlatforms) = postSolution
		{DE5A117D-552D-4825-BF2A-5D6548296EC8}.Debug|Any CPU.ActiveCfg = Debug|Any CPU
		{DE5A117D-552D-4825-BF2A-5D6548296EC8}.Debug|Any CPU.Build.0 = Debug|Any CPU
		{DE5A117D-552D-4825-BF2A-5D6548296EC8}.Release|Any CPU.ActiveCfg = Release|Any CPU
		{DE5A117D-552D-4825-BF2A-5D6548296EC8}.Release|Any CPU.Build.0 = Release|Any CPU
	EndGlobalSection
	GlobalSection(SolutionProperties) = preSolution
		HideSolutionNode = FALSE
	EndGlobalSection
	GlobalSection(ExtensibilityGlobals) = postSolution
		SolutionGuid = {AEC93B95-9BFC-4A3E-894F-9F5EE35816F9}
	EndGlobalSection
EndGlobal
